// !$*UTF8*$!
{
	archiveVersion = 1;
	classes = {
	};
	objectVersion = 46;
	objects = {

/* Begin PBXBuildFile section */
		6E9E5A771B1A32D200C902ED /* AppDelegate.swift in Sources */ = {isa = PBXBuildFile; fileRef = 6E9E5A761B1A32D200C902ED /* AppDelegate.swift */; };
		6E9E5A791B1A32EC00C902ED /* Main.storyboard in Resources */ = {isa = PBXBuildFile; fileRef = 6E9E5A781B1A32EC00C902ED /* Main.storyboard */; };
		6E9E5A931B1A335000C902ED /* Images.xcassets in Resources */ = {isa = PBXBuildFile; fileRef = 6E9E5A921B1A335000C902ED /* Images.xcassets */; };
		6E9E5AA11B1A33BC00C902ED /* ShoppingItem.swift in Sources */ = {isa = PBXBuildFile; fileRef = 6E9E5A9E1B1A33BC00C902ED /* ShoppingItem.swift */; };
		6E9E5AA21B1A33BC00C902ED /* ShoppingListApp.swift in Sources */ = {isa = PBXBuildFile; fileRef = 6E9E5A9F1B1A33BC00C902ED /* ShoppingListApp.swift */; };
		6E9E5AA31B1A33BC00C902ED /* Utilities.swift in Sources */ = {isa = PBXBuildFile; fileRef = 6E9E5AA01B1A33BC00C902ED /* Utilities.swift */; };
		6E9E5AA51B1A33D200C902ED /* Interface.storyboard in Resources */ = {isa = PBXBuildFile; fileRef = 6E9E5AA41B1A33D200C902ED /* Interface.storyboard */; };
		6EEB21241D44A21300ECA84E /* Diffing.swift in Sources */ = {isa = PBXBuildFile; fileRef = 6E9E5AA71B1A342F00C902ED /* Diffing.swift */; };
		6EEB21251D44A21300ECA84E /* DiffyTables.swift in Sources */ = {isa = PBXBuildFile; fileRef = 6E9E5AA81B1A342F00C902ED /* DiffyTables.swift */; };
		6EEB21261D44A21300ECA84E /* WatchKitUpdatable.swift in Sources */ = {isa = PBXBuildFile; fileRef = 6E9E5AA91B1A342F00C902ED /* WatchKitUpdatable.swift */; };
		6EEB21291D44A3EC00ECA84E /* Demo.appex in Embed App Extensions */ = {isa = PBXBuildFile; fileRef = 6E9E5A7E1B1A335000C902ED /* Demo.appex */; settings = {ATTRIBUTES = (RemoveHeadersOnCopy, ); }; };
		6EEB212C1D44A3EC00ECA84E /* Demo.app in Embed Watch Content */ = {isa = PBXBuildFile; fileRef = 6E9E5A881B1A335000C902ED /* Demo.app */; };
/* End PBXBuildFile section */

/* Begin PBXContainerItemProxy section */
		6EEB21271D44A3EC00ECA84E /* PBXContainerItemProxy */ = {
			isa = PBXContainerItemProxy;
			containerPortal = 6E9E5A491B1A329D00C902ED /* Project object */;
			proxyType = 1;
			remoteGlobalIDString = 6E9E5A7D1B1A335000C902ED;
			remoteInfo = "Demo WatchKit Extension";
		};
		6EEB212A1D44A3EC00ECA84E /* PBXContainerItemProxy */ = {
			isa = PBXContainerItemProxy;
			containerPortal = 6E9E5A491B1A329D00C902ED /* Project object */;
			proxyType = 1;
			remoteGlobalIDString = 6E9E5A871B1A335000C902ED;
			remoteInfo = "Demo WatchKit App";
		};
/* End PBXContainerItemProxy section */

/* Begin PBXCopyFilesBuildPhase section */
		6EEB212D1D44A3EC00ECA84E /* Embed App Extensions */ = {
			isa = PBXCopyFilesBuildPhase;
			buildActionMask = 2147483647;
			dstPath = "";
			dstSubfolderSpec = 13;
			files = (
				6EEB21291D44A3EC00ECA84E /* Demo.appex in Embed App Extensions */,
			);
			name = "Embed App Extensions";
			runOnlyForDeploymentPostprocessing = 0;
		};
		6EEB212E1D44A3EC00ECA84E /* Embed Watch Content */ = {
			isa = PBXCopyFilesBuildPhase;
			buildActionMask = 2147483647;
			dstPath = "$(CONTENTS_FOLDER_PATH)/Watch";
			dstSubfolderSpec = 16;
			files = (
				6EEB212C1D44A3EC00ECA84E /* Demo.app in Embed Watch Content */,
			);
			name = "Embed Watch Content";
			runOnlyForDeploymentPostprocessing = 0;
		};
/* End PBXCopyFilesBuildPhase section */

/* Begin PBXFileReference section */
		6E9E5A511B1A329D00C902ED /* Demo.app */ = {isa = PBXFileReference; explicitFileType = wrapper.application; includeInIndex = 0; path = Demo.app; sourceTree = BUILT_PRODUCTS_DIR; };
		6E9E5A551B1A329D00C902ED /* Info.plist */ = {isa = PBXFileReference; lastKnownFileType = text.plist.xml; path = Info.plist; sourceTree = "<group>"; };
		6E9E5A761B1A32D200C902ED /* AppDelegate.swift */ = {isa = PBXFileReference; fileEncoding = 4; lastKnownFileType = sourcecode.swift; path = AppDelegate.swift; sourceTree = "<group>"; };
		6E9E5A781B1A32EC00C902ED /* Main.storyboard */ = {isa = PBXFileReference; fileEncoding = 4; lastKnownFileType = file.storyboard; path = Main.storyboard; sourceTree = "<group>"; };
		6E9E5A7E1B1A335000C902ED /* Demo.appex */ = {isa = PBXFileReference; explicitFileType = "wrapper.app-extension"; includeInIndex = 0; path = Demo.appex; sourceTree = BUILT_PRODUCTS_DIR; };
		6E9E5A811B1A335000C902ED /* Info.plist */ = {isa = PBXFileReference; lastKnownFileType = text.plist.xml; path = Info.plist; sourceTree = "<group>"; };
		6E9E5A881B1A335000C902ED /* Demo.app */ = {isa = PBXFileReference; explicitFileType = wrapper.application; includeInIndex = 0; path = Demo.app; sourceTree = BUILT_PRODUCTS_DIR; };
		6E9E5A8E1B1A335000C902ED /* Info.plist */ = {isa = PBXFileReference; lastKnownFileType = text.plist.xml; name = Info.plist; path = "../DiffyTables WatchKit App/Info.plist"; sourceTree = "<group>"; };
		6E9E5A921B1A335000C902ED /* Images.xcassets */ = {isa = PBXFileReference; lastKnownFileType = folder.assetcatalog; name = Images.xcassets; path = "../DiffyTables WatchKit App/Images.xcassets"; sourceTree = "<group>"; };
		6E9E5A9E1B1A33BC00C902ED /* ShoppingItem.swift */ = {isa = PBXFileReference; fileEncoding = 4; lastKnownFileType = sourcecode.swift; path = ShoppingItem.swift; sourceTree = "<group>"; };
		6E9E5A9F1B1A33BC00C902ED /* ShoppingListApp.swift */ = {isa = PBXFileReference; fileEncoding = 4; lastKnownFileType = sourcecode.swift; path = ShoppingListApp.swift; sourceTree = "<group>"; };
		6E9E5AA01B1A33BC00C902ED /* Utilities.swift */ = {isa = PBXFileReference; fileEncoding = 4; lastKnownFileType = sourcecode.swift; path = Utilities.swift; sourceTree = "<group>"; };
		6E9E5AA41B1A33D200C902ED /* Interface.storyboard */ = {isa = PBXFileReference; fileEncoding = 4; lastKnownFileType = file.storyboard; name = Interface.storyboard; path = "../DiffyTables WatchKit App/Base.lproj/Interface.storyboard"; sourceTree = "<group>"; };
		6E9E5AA71B1A342F00C902ED /* Diffing.swift */ = {isa = PBXFileReference; fileEncoding = 4; lastKnownFileType = sourcecode.swift; name = Diffing.swift; path = ../Source/Diffing.swift; sourceTree = "<group>"; };
		6E9E5AA81B1A342F00C902ED /* DiffyTables.swift */ = {isa = PBXFileReference; fileEncoding = 4; lastKnownFileType = sourcecode.swift; name = DiffyTables.swift; path = ../Source/DiffyTables.swift; sourceTree = "<group>"; };
		6E9E5AA91B1A342F00C902ED /* WatchKitUpdatable.swift */ = {isa = PBXFileReference; fileEncoding = 4; lastKnownFileType = sourcecode.swift; name = WatchKitUpdatable.swift; path = ../Source/WatchKitUpdatable.swift; sourceTree = "<group>"; };
/* End PBXFileReference section */

/* Begin PBXFrameworksBuildPhase section */
		6E9E5A4E1B1A329D00C902ED /* Frameworks */ = {
			isa = PBXFrameworksBuildPhase;
			buildActionMask = 2147483647;
			files = (
			);
			runOnlyForDeploymentPostprocessing = 0;
		};
		6E9E5A7B1B1A335000C902ED /* Frameworks */ = {
			isa = PBXFrameworksBuildPhase;
			buildActionMask = 2147483647;
			files = (
			);
			runOnlyForDeploymentPostprocessing = 0;
		};
/* End PBXFrameworksBuildPhase section */

/* Begin PBXGroup section */
		6E9E5A481B1A329D00C902ED = {
			isa = PBXGroup;
			children = (
				6E9E5A7F1B1A335000C902ED /* Demo */,
				6E9E5A531B1A329D00C902ED /* iOS app */,
				6E9E5AA61B1A341E00C902ED /* DiffyTables */,
				6E9E5A521B1A329D00C902ED /* Products */,
			);
			sourceTree = "<group>";
		};
		6E9E5A521B1A329D00C902ED /* Products */ = {
			isa = PBXGroup;
			children = (
				6E9E5A511B1A329D00C902ED /* Demo.app */,
				6E9E5A7E1B1A335000C902ED /* Demo.appex */,
				6E9E5A881B1A335000C902ED /* Demo.app */,
			);
			name = Products;
			sourceTree = "<group>";
		};
		6E9E5A531B1A329D00C902ED /* iOS app */ = {
			isa = PBXGroup;
			children = (
				6E9E5A761B1A32D200C902ED /* AppDelegate.swift */,
				6E9E5A781B1A32EC00C902ED /* Main.storyboard */,
				6E9E5A551B1A329D00C902ED /* Info.plist */,
			);
			name = "iOS app";
			path = DiffyTables;
			sourceTree = "<group>";
		};
		6E9E5A7F1B1A335000C902ED /* Demo */ = {
			isa = PBXGroup;
			children = (
				6E9E5A9E1B1A33BC00C902ED /* ShoppingItem.swift */,
				6E9E5A9F1B1A33BC00C902ED /* ShoppingListApp.swift */,
				6E9E5AA41B1A33D200C902ED /* Interface.storyboard */,
				6E9E5AA01B1A33BC00C902ED /* Utilities.swift */,
				6E9E5A921B1A335000C902ED /* Images.xcassets */,
				6E9E5A811B1A335000C902ED /* Info.plist */,
				6E9E5A8E1B1A335000C902ED /* Info.plist */,
			);
			name = Demo;
			path = "DiffyTables WatchKit Extension";
			sourceTree = "<group>";
		};
		6E9E5AA61B1A341E00C902ED /* DiffyTables */ = {
			isa = PBXGroup;
			children = (
				6E9E5AA71B1A342F00C902ED /* Diffing.swift */,
				6E9E5AA81B1A342F00C902ED /* DiffyTables.swift */,
				6E9E5AA91B1A342F00C902ED /* WatchKitUpdatable.swift */,
			);
			name = DiffyTables;
			sourceTree = "<group>";
		};
/* End PBXGroup section */

/* Begin PBXNativeTarget section */
		6E9E5A501B1A329D00C902ED /* Demo */ = {
			isa = PBXNativeTarget;
			buildConfigurationList = 6E9E5A701B1A329D00C902ED /* Build configuration list for PBXNativeTarget "Demo" */;
			buildPhases = (
				6E9E5A4D1B1A329D00C902ED /* Sources */,
				6E9E5A4E1B1A329D00C902ED /* Frameworks */,
				6E9E5A4F1B1A329D00C902ED /* Resources */,
				6EEB212E1D44A3EC00ECA84E /* Embed Watch Content */,
			);
			buildRules = (
			);
			dependencies = (
				6EEB212B1D44A3EC00ECA84E /* PBXTargetDependency */,
			);
			name = Demo;
			productName = DiffyTables;
			productReference = 6E9E5A511B1A329D00C902ED /* Demo.app */;
			productType = "com.apple.product-type.application";
		};
		6E9E5A7D1B1A335000C902ED /* Demo WatchKit Extension */ = {
			isa = PBXNativeTarget;
			buildConfigurationList = 6E9E5A9A1B1A335000C902ED /* Build configuration list for PBXNativeTarget "Demo WatchKit Extension" */;
			buildPhases = (
				6E9E5A7A1B1A335000C902ED /* Sources */,
				6E9E5A7B1B1A335000C902ED /* Frameworks */,
				6E9E5A7C1B1A335000C902ED /* Resources */,
			);
			buildRules = (
			);
			dependencies = (
			);
			name = "Demo WatchKit Extension";
			productName = "DiffyTables WatchKit Extension";
			productReference = 6E9E5A7E1B1A335000C902ED /* Demo.appex */;
			productType = "com.apple.product-type.watchkit2-extension";
		};
		6E9E5A871B1A335000C902ED /* Demo WatchKit App */ = {
			isa = PBXNativeTarget;
			buildConfigurationList = 6E9E5A971B1A335000C902ED /* Build configuration list for PBXNativeTarget "Demo WatchKit App" */;
			buildPhases = (
				6E9E5A861B1A335000C902ED /* Resources */,
				6EEB212D1D44A3EC00ECA84E /* Embed App Extensions */,
			);
			buildRules = (
			);
			dependencies = (
				6EEB21281D44A3EC00ECA84E /* PBXTargetDependency */,
			);
			name = "Demo WatchKit App";
			productName = "DiffyTables WatchKit App";
			productReference = 6E9E5A881B1A335000C902ED /* Demo.app */;
			productType = "com.apple.product-type.application.watchapp2";
		};
/* End PBXNativeTarget section */

/* Begin PBXProject section */
		6E9E5A491B1A329D00C902ED /* Project object */ = {
			isa = PBXProject;
			attributes = {
				LastSwiftUpdateCheck = 0720;
				LastUpgradeCheck = 0800;
				ORGANIZATIONNAME = "Radosław Pietruszewski";
				TargetAttributes = {
					6E9E5A501B1A329D00C902ED = {
						CreatedOnToolsVersion = 6.3.1;
						LastSwiftMigration = 0800;
					};
					6E9E5A7D1B1A335000C902ED = {
						CreatedOnToolsVersion = 6.3.1;
						LastSwiftMigration = 0800;
					};
					6E9E5A871B1A335000C902ED = {
						CreatedOnToolsVersion = 6.3.1;
						LastSwiftMigration = 0800;
					};
				};
			};
			buildConfigurationList = 6E9E5A4C1B1A329D00C902ED /* Build configuration list for PBXProject "Demo" */;
			compatibilityVersion = "Xcode 3.2";
			developmentRegion = English;
			hasScannedForEncodings = 0;
			knownRegions = (
				en,
				Base,
			);
			mainGroup = 6E9E5A481B1A329D00C902ED;
			productRefGroup = 6E9E5A521B1A329D00C902ED /* Products */;
			projectDirPath = "";
			projectRoot = "";
			targets = (
				6E9E5A501B1A329D00C902ED /* Demo */,
				6E9E5A7D1B1A335000C902ED /* Demo WatchKit Extension */,
				6E9E5A871B1A335000C902ED /* Demo WatchKit App */,
			);
		};
/* End PBXProject section */

/* Begin PBXResourcesBuildPhase section */
		6E9E5A4F1B1A329D00C902ED /* Resources */ = {
			isa = PBXResourcesBuildPhase;
			buildActionMask = 2147483647;
			files = (
				6E9E5A791B1A32EC00C902ED /* Main.storyboard in Resources */,
			);
			runOnlyForDeploymentPostprocessing = 0;
		};
		6E9E5A7C1B1A335000C902ED /* Resources */ = {
			isa = PBXResourcesBuildPhase;
			buildActionMask = 2147483647;
			files = (
			);
			runOnlyForDeploymentPostprocessing = 0;
		};
		6E9E5A861B1A335000C902ED /* Resources */ = {
			isa = PBXResourcesBuildPhase;
			buildActionMask = 2147483647;
			files = (
				6E9E5AA51B1A33D200C902ED /* Interface.storyboard in Resources */,
				6E9E5A931B1A335000C902ED /* Images.xcassets in Resources */,
			);
			runOnlyForDeploymentPostprocessing = 0;
		};
/* End PBXResourcesBuildPhase section */

/* Begin PBXSourcesBuildPhase section */
		6E9E5A4D1B1A329D00C902ED /* Sources */ = {
			isa = PBXSourcesBuildPhase;
			buildActionMask = 2147483647;
			files = (
				6E9E5A771B1A32D200C902ED /* AppDelegate.swift in Sources */,
			);
			runOnlyForDeploymentPostprocessing = 0;
		};
		6E9E5A7A1B1A335000C902ED /* Sources */ = {
			isa = PBXSourcesBuildPhase;
			buildActionMask = 2147483647;
			files = (
				6E9E5AA11B1A33BC00C902ED /* ShoppingItem.swift in Sources */,
				6E9E5AA31B1A33BC00C902ED /* Utilities.swift in Sources */,
				6EEB21251D44A21300ECA84E /* DiffyTables.swift in Sources */,
				6E9E5AA21B1A33BC00C902ED /* ShoppingListApp.swift in Sources */,
				6EEB21241D44A21300ECA84E /* Diffing.swift in Sources */,
				6EEB21261D44A21300ECA84E /* WatchKitUpdatable.swift in Sources */,
			);
			runOnlyForDeploymentPostprocessing = 0;
		};
/* End PBXSourcesBuildPhase section */

/* Begin PBXTargetDependency section */
		6EEB21281D44A3EC00ECA84E /* PBXTargetDependency */ = {
			isa = PBXTargetDependency;
			target = 6E9E5A7D1B1A335000C902ED /* Demo WatchKit Extension */;
			targetProxy = 6EEB21271D44A3EC00ECA84E /* PBXContainerItemProxy */;
		};
		6EEB212B1D44A3EC00ECA84E /* PBXTargetDependency */ = {
			isa = PBXTargetDependency;
			target = 6E9E5A871B1A335000C902ED /* Demo WatchKit App */;
			targetProxy = 6EEB212A1D44A3EC00ECA84E /* PBXContainerItemProxy */;
		};
/* End PBXTargetDependency section */

/* Begin XCBuildConfiguration section */
		6E9E5A6E1B1A329D00C902ED /* Debug */ = {
			isa = XCBuildConfiguration;
			buildSettings = {
				ALWAYS_SEARCH_USER_PATHS = NO;
				CLANG_CXX_LANGUAGE_STANDARD = "gnu++0x";
				CLANG_CXX_LIBRARY = "libc++";
				CLANG_ENABLE_MODULES = YES;
				CLANG_ENABLE_OBJC_ARC = YES;
				CLANG_WARN_BOOL_CONVERSION = YES;
				CLANG_WARN_CONSTANT_CONVERSION = YES;
				CLANG_WARN_DIRECT_OBJC_ISA_USAGE = YES_ERROR;
				CLANG_WARN_EMPTY_BODY = YES;
				CLANG_WARN_ENUM_CONVERSION = YES;
				CLANG_WARN_INT_CONVERSION = YES;
				CLANG_WARN_OBJC_ROOT_CLASS = YES_ERROR;
				CLANG_WARN_UNREACHABLE_CODE = YES;
				CLANG_WARN__DUPLICATE_METHOD_MATCH = YES;
				"CODE_SIGN_IDENTITY[sdk=iphoneos*]" = "iPhone Developer";
				COPY_PHASE_STRIP = NO;
				DEBUG_INFORMATION_FORMAT = "dwarf-with-dsym";
				ENABLE_STRICT_OBJC_MSGSEND = YES;
				ENABLE_TESTABILITY = YES;
				GCC_C_LANGUAGE_STANDARD = gnu99;
				GCC_DYNAMIC_NO_PIC = NO;
				GCC_NO_COMMON_BLOCKS = YES;
				GCC_OPTIMIZATION_LEVEL = 0;
				GCC_PREPROCESSOR_DEFINITIONS = (
					"DEBUG=1",
					"$(inherited)",
				);
				GCC_SYMBOLS_PRIVATE_EXTERN = NO;
				GCC_WARN_64_TO_32_BIT_CONVERSION = YES;
				GCC_WARN_ABOUT_RETURN_TYPE = YES_ERROR;
				GCC_WARN_UNDECLARED_SELECTOR = YES;
				GCC_WARN_UNINITIALIZED_AUTOS = YES_AGGRESSIVE;
				GCC_WARN_UNUSED_FUNCTION = YES;
				GCC_WARN_UNUSED_VARIABLE = YES;
				IPHONEOS_DEPLOYMENT_TARGET = 8.3;
				MTL_ENABLE_DEBUG_INFO = YES;
				ONLY_ACTIVE_ARCH = YES;
				SDKROOT = iphoneos;
				SWIFT_OPTIMIZATION_LEVEL = "-Onone";
				SWIFT_VERSION = 2.3;
				TARGETED_DEVICE_FAMILY = "1,2";
			};
			name = Debug;
		};
		6E9E5A6F1B1A329D00C902ED /* Release */ = {
			isa = XCBuildConfiguration;
			buildSettings = {
				ALWAYS_SEARCH_USER_PATHS = NO;
				CLANG_CXX_LANGUAGE_STANDARD = "gnu++0x";
				CLANG_CXX_LIBRARY = "libc++";
				CLANG_ENABLE_MODULES = YES;
				CLANG_ENABLE_OBJC_ARC = YES;
				CLANG_WARN_BOOL_CONVERSION = YES;
				CLANG_WARN_CONSTANT_CONVERSION = YES;
				CLANG_WARN_DIRECT_OBJC_ISA_USAGE = YES_ERROR;
				CLANG_WARN_EMPTY_BODY = YES;
				CLANG_WARN_ENUM_CONVERSION = YES;
				CLANG_WARN_INT_CONVERSION = YES;
				CLANG_WARN_OBJC_ROOT_CLASS = YES_ERROR;
				CLANG_WARN_UNREACHABLE_CODE = YES;
				CLANG_WARN__DUPLICATE_METHOD_MATCH = YES;
				"CODE_SIGN_IDENTITY[sdk=iphoneos*]" = "iPhone Developer";
				COPY_PHASE_STRIP = NO;
				DEBUG_INFORMATION_FORMAT = "dwarf-with-dsym";
				ENABLE_NS_ASSERTIONS = NO;
				ENABLE_STRICT_OBJC_MSGSEND = YES;
				GCC_C_LANGUAGE_STANDARD = gnu99;
				GCC_NO_COMMON_BLOCKS = YES;
				GCC_WARN_64_TO_32_BIT_CONVERSION = YES;
				GCC_WARN_ABOUT_RETURN_TYPE = YES_ERROR;
				GCC_WARN_UNDECLARED_SELECTOR = YES;
				GCC_WARN_UNINITIALIZED_AUTOS = YES_AGGRESSIVE;
				GCC_WARN_UNUSED_FUNCTION = YES;
				GCC_WARN_UNUSED_VARIABLE = YES;
				IPHONEOS_DEPLOYMENT_TARGET = 8.3;
				MTL_ENABLE_DEBUG_INFO = NO;
				SDKROOT = iphoneos;
				SWIFT_VERSION = 2.3;
				TARGETED_DEVICE_FAMILY = "1,2";
				VALIDATE_PRODUCT = YES;
			};
			name = Release;
		};
		6E9E5A711B1A329D00C902ED /* Debug */ = {
			isa = XCBuildConfiguration;
			buildSettings = {
				ASSETCATALOG_COMPILER_APPICON_NAME = AppIcon;
				CLANG_ENABLE_MODULES = YES;
				INFOPLIST_FILE = DiffyTables/Info.plist;
				LD_RUNPATH_SEARCH_PATHS = "$(inherited) @executable_path/Frameworks";
				PRODUCT_BUNDLE_IDENTIFIER = "io.radex.$(PRODUCT_NAME:rfc1034identifier)";
				PRODUCT_NAME = Demo;
				SWIFT_OPTIMIZATION_LEVEL = "-Onone";
				SWIFT_VERSION = 3.0;
			};
			name = Debug;
		};
		6E9E5A721B1A329D00C902ED /* Release */ = {
			isa = XCBuildConfiguration;
			buildSettings = {
				ASSETCATALOG_COMPILER_APPICON_NAME = AppIcon;
				CLANG_ENABLE_MODULES = YES;
				INFOPLIST_FILE = DiffyTables/Info.plist;
				LD_RUNPATH_SEARCH_PATHS = "$(inherited) @executable_path/Frameworks";
				PRODUCT_BUNDLE_IDENTIFIER = "io.radex.$(PRODUCT_NAME:rfc1034identifier)";
				PRODUCT_NAME = Demo;
				SWIFT_OPTIMIZATION_LEVEL = "-Owholemodule";
				SWIFT_VERSION = 3.0;
			};
			name = Release;
		};
		6E9E5A981B1A335000C902ED /* Debug */ = {
			isa = XCBuildConfiguration;
			buildSettings = {
				ALWAYS_EMBED_SWIFT_STANDARD_LIBRARIES = YES;
				ASSETCATALOG_COMPILER_APPICON_NAME = AppIcon;
				GCC_PREPROCESSOR_DEFINITIONS = (
					"DEBUG=1",
					"$(inherited)",
				);
				IBSC_MODULE = DiffyTables_WatchKit_Extension;
				INFOPLIST_FILE = "DiffyTables WatchKit App/Info.plist";
				PRODUCT_BUNDLE_IDENTIFIER = io.radex.Demo.watchkitapp;
				PRODUCT_NAME = Demo;
				SDKROOT = watchos;
				SKIP_INSTALL = YES;
				SWIFT_VERSION = 3.0;
				TARGETED_DEVICE_FAMILY = 4;
				WATCHOS_DEPLOYMENT_TARGET = 2.0;
			};
			name = Debug;
		};
		6E9E5A991B1A335000C902ED /* Release */ = {
			isa = XCBuildConfiguration;
			buildSettings = {
				ALWAYS_EMBED_SWIFT_STANDARD_LIBRARIES = YES;
				ASSETCATALOG_COMPILER_APPICON_NAME = AppIcon;
				IBSC_MODULE = DiffyTables_WatchKit_Extension;
				INFOPLIST_FILE = "DiffyTables WatchKit App/Info.plist";
				PRODUCT_BUNDLE_IDENTIFIER = io.radex.Demo.watchkitapp;
				PRODUCT_NAME = Demo;
				SDKROOT = watchos;
				SKIP_INSTALL = YES;
				SWIFT_VERSION = 3.0;
				TARGETED_DEVICE_FAMILY = 4;
				WATCHOS_DEPLOYMENT_TARGET = 2.0;
			};
			name = Release;
		};
		6E9E5A9B1B1A335000C902ED /* Debug */ = {
			isa = XCBuildConfiguration;
			buildSettings = {
				GCC_PREPROCESSOR_DEFINITIONS = (
					"DEBUG=1",
					"$(inherited)",
				);
				INFOPLIST_FILE = "DiffyTables WatchKit Extension/Info.plist";
				LD_RUNPATH_SEARCH_PATHS = "$(inherited) @executable_path/Frameworks @executable_path/../../Frameworks";
				PRODUCT_BUNDLE_IDENTIFIER = io.radex.Demo.watchkitapp.watchkitextension;
				PRODUCT_NAME = Demo;
				SDKROOT = watchos;
				SKIP_INSTALL = YES;
				SWIFT_VERSION = 3.0;
				TARGETED_DEVICE_FAMILY = 4;
				WATCHOS_DEPLOYMENT_TARGET = 2.0;
			};
			name = Debug;
		};
		6E9E5A9C1B1A335000C902ED /* Release */ = {
			isa = XCBuildConfiguration;
			buildSettings = {
				INFOPLIST_FILE = "DiffyTables WatchKit Extension/Info.plist";
				LD_RUNPATH_SEARCH_PATHS = "$(inherited) @executable_path/Frameworks @executable_path/../../Frameworks";
				PRODUCT_BUNDLE_IDENTIFIER = io.radex.Demo.watchkitapp.watchkitextension;
				PRODUCT_NAME = Demo;
				SDKROOT = watchos;
				SKIP_INSTALL = YES;
				SWIFT_OPTIMIZATION_LEVEL = "-Owholemodule";
				SWIFT_VERSION = 3.0;
				TARGETED_DEVICE_FAMILY = 4;
				WATCHOS_DEPLOYMENT_TARGET = 2.0;
			};
			name = Release;
		};
/* End XCBuildConfiguration section */

/* Begin XCConfigurationList section */
		6E9E5A4C1B1A329D00C902ED /* Build configuration list for PBXProject "Demo" */ = {
			isa = XCConfigurationList;
			buildConfigurations = (
				6E9E5A6E1B1A329D00C902ED /* Debug */,
				6E9E5A6F1B1A329D00C902ED /* Release */,
			);
			defaultConfigurationIsVisible = 0;
			defaultConfigurationName = Release;
		};
		6E9E5A701B1A329D00C902ED /* Build configuration list for PBXNativeTarget "Demo" */ = {
			isa = XCConfigurationList;
			buildConfigurations = (
				6E9E5A711B1A329D00C902ED /* Debug */,
				6E9E5A721B1A329D00C902ED /* Release */,
			);
			defaultConfigurationIsVisible = 0;
			defaultConfigurationName = Release;
		};
		6E9E5A971B1A335000C902ED /* Build configuration list for PBXNativeTarget "Demo WatchKit App" */ = {
			isa = XCConfigurationList;
			buildConfigurations = (
				6E9E5A981B1A335000C902ED /* Debug */,
				6E9E5A991B1A335000C902ED /* Release */,
			);
			defaultConfigurationIsVisible = 0;
			defaultConfigurationName = Release;
		};
		6E9E5A9A1B1A335000C902ED /* Build configuration list for PBXNativeTarget "Demo WatchKit Extension" */ = {
			isa = XCConfigurationList;
			buildConfigurations = (
				6E9E5A9B1B1A335000C902ED /* Debug */,
				6E9E5A9C1B1A335000C902ED /* Release */,
			);
			defaultConfigurationIsVisible = 0;
			defaultConfigurationName = Release;
		};
/* End XCConfigurationList section */
	};
	rootObject = 6E9E5A491B1A329D00C902ED /* Project object */;
}
