// !$*UTF8*$!
{
	archiveVersion = 1;
	classes = {
	};
	objectVersion = 46;
	objects = {

/* Begin PBXBuildFile section */
		6E695D8D1B42BF6700A88DB2 /* DiffyTables_Tests.swift in Sources */ = {isa = PBXBuildFile; fileRef = 6E695D8C1B42BF6700A88DB2 /* DiffyTables_Tests.swift */; };
		6E695D931B42C01700A88DB2 /* Diffing.swift in Sources */ = {isa = PBXBuildFile; fileRef = 6E9E5AA71B1A342F00C902ED /* Diffing.swift */; };
		6E9E5A771B1A32D200C902ED /* AppDelegate.swift in Sources */ = {isa = PBXBuildFile; fileRef = 6E9E5A761B1A32D200C902ED /* AppDelegate.swift */; };
		6E9E5A791B1A32EC00C902ED /* Main.storyboard in Resources */ = {isa = PBXBuildFile; fileRef = 6E9E5A781B1A32EC00C902ED /* Main.storyboard */; };
		6E9E5A891B1A335000C902ED /* DiffyTables WatchKit App.app in Resources */ = {isa = PBXBuildFile; fileRef = 6E9E5A881B1A335000C902ED /* DiffyTables WatchKit App.app */; };
		6E9E5A931B1A335000C902ED /* Images.xcassets in Resources */ = {isa = PBXBuildFile; fileRef = 6E9E5A921B1A335000C902ED /* Images.xcassets */; };
		6E9E5A961B1A335000C902ED /* DiffyTables WatchKit Extension.appex in Embed App Extensions */ = {isa = PBXBuildFile; fileRef = 6E9E5A7E1B1A335000C902ED /* DiffyTables WatchKit Extension.appex */; settings = {ATTRIBUTES = (RemoveHeadersOnCopy, ); }; };
		6E9E5AA11B1A33BC00C902ED /* ShoppingItem.swift in Sources */ = {isa = PBXBuildFile; fileRef = 6E9E5A9E1B1A33BC00C902ED /* ShoppingItem.swift */; };
		6E9E5AA21B1A33BC00C902ED /* ShoppingListApp.swift in Sources */ = {isa = PBXBuildFile; fileRef = 6E9E5A9F1B1A33BC00C902ED /* ShoppingListApp.swift */; };
		6E9E5AA31B1A33BC00C902ED /* Utilities.swift in Sources */ = {isa = PBXBuildFile; fileRef = 6E9E5AA01B1A33BC00C902ED /* Utilities.swift */; };
		6E9E5AA51B1A33D200C902ED /* Interface.storyboard in Resources */ = {isa = PBXBuildFile; fileRef = 6E9E5AA41B1A33D200C902ED /* Interface.storyboard */; };
		6E9E5AAA1B1A342F00C902ED /* Diffing.swift in Sources */ = {isa = PBXBuildFile; fileRef = 6E9E5AA71B1A342F00C902ED /* Diffing.swift */; };
		6E9E5AAB1B1A342F00C902ED /* DiffyTables.swift in Sources */ = {isa = PBXBuildFile; fileRef = 6E9E5AA81B1A342F00C902ED /* DiffyTables.swift */; };
		6E9E5AAC1B1A342F00C902ED /* WatchKitUpdatable.swift in Sources */ = {isa = PBXBuildFile; fileRef = 6E9E5AA91B1A342F00C902ED /* WatchKitUpdatable.swift */; };
/* End PBXBuildFile section */

/* Begin PBXContainerItemProxy section */
		6E695D8E1B42BF6700A88DB2 /* PBXContainerItemProxy */ = {
			isa = PBXContainerItemProxy;
			containerPortal = 6E9E5A491B1A329D00C902ED /* Project object */;
			proxyType = 1;
			remoteGlobalIDString = 6E9E5A501B1A329D00C902ED;
			remoteInfo = DiffyTables;
		};
		6E9E5A8A1B1A335000C902ED /* PBXContainerItemProxy */ = {
			isa = PBXContainerItemProxy;
			containerPortal = 6E9E5A491B1A329D00C902ED /* Project object */;
			proxyType = 1;
			remoteGlobalIDString = 6E9E5A871B1A335000C902ED;
			remoteInfo = "DiffyTables WatchKit App";
		};
		6E9E5A941B1A335000C902ED /* PBXContainerItemProxy */ = {
			isa = PBXContainerItemProxy;
			containerPortal = 6E9E5A491B1A329D00C902ED /* Project object */;
			proxyType = 1;
			remoteGlobalIDString = 6E9E5A7D1B1A335000C902ED;
			remoteInfo = "DiffyTables WatchKit Extension";
		};
/* End PBXContainerItemProxy section */

/* Begin PBXCopyFilesBuildPhase section */
		6E9E5A9D1B1A335000C902ED /* Embed App Extensions */ = {
			isa = PBXCopyFilesBuildPhase;
			buildActionMask = 2147483647;
			dstPath = "";
			dstSubfolderSpec = 13;
			files = (
				6E9E5A961B1A335000C902ED /* DiffyTables WatchKit Extension.appex in Embed App Extensions */,
			);
			name = "Embed App Extensions";
			runOnlyForDeploymentPostprocessing = 0;
		};
/* End PBXCopyFilesBuildPhase section */

/* Begin PBXFileReference section */
		6E695D881B42BF6700A88DB2 /* DiffyTables Tests.xctest */ = {isa = PBXFileReference; explicitFileType = wrapper.cfbundle; includeInIndex = 0; path = "DiffyTables Tests.xctest"; sourceTree = BUILT_PRODUCTS_DIR; };
		6E695D8B1B42BF6700A88DB2 /* Info.plist */ = {isa = PBXFileReference; lastKnownFileType = text.plist.xml; path = Info.plist; sourceTree = "<group>"; };
		6E695D8C1B42BF6700A88DB2 /* DiffyTables_Tests.swift */ = {isa = PBXFileReference; lastKnownFileType = sourcecode.swift; path = DiffyTables_Tests.swift; sourceTree = "<group>"; };
		6E9E5A511B1A329D00C902ED /* DiffyTables.app */ = {isa = PBXFileReference; explicitFileType = wrapper.application; includeInIndex = 0; path = DiffyTables.app; sourceTree = BUILT_PRODUCTS_DIR; };
		6E9E5A551B1A329D00C902ED /* Info.plist */ = {isa = PBXFileReference; lastKnownFileType = text.plist.xml; path = Info.plist; sourceTree = "<group>"; };
		6E9E5A761B1A32D200C902ED /* AppDelegate.swift */ = {isa = PBXFileReference; fileEncoding = 4; lastKnownFileType = sourcecode.swift; path = AppDelegate.swift; sourceTree = "<group>"; };
		6E9E5A781B1A32EC00C902ED /* Main.storyboard */ = {isa = PBXFileReference; fileEncoding = 4; lastKnownFileType = file.storyboard; path = Main.storyboard; sourceTree = "<group>"; };
		6E9E5A7E1B1A335000C902ED /* DiffyTables WatchKit Extension.appex */ = {isa = PBXFileReference; explicitFileType = "wrapper.app-extension"; includeInIndex = 0; path = "DiffyTables WatchKit Extension.appex"; sourceTree = BUILT_PRODUCTS_DIR; };
		6E9E5A811B1A335000C902ED /* Info.plist */ = {isa = PBXFileReference; lastKnownFileType = text.plist.xml; path = Info.plist; sourceTree = "<group>"; };
		6E9E5A881B1A335000C902ED /* DiffyTables WatchKit App.app */ = {isa = PBXFileReference; explicitFileType = wrapper.application; includeInIndex = 0; path = "DiffyTables WatchKit App.app"; sourceTree = BUILT_PRODUCTS_DIR; };
		6E9E5A8E1B1A335000C902ED /* Info.plist */ = {isa = PBXFileReference; lastKnownFileType = text.plist.xml; name = Info.plist; path = "../DiffyTables WatchKit App/Info.plist"; sourceTree = "<group>"; };
		6E9E5A921B1A335000C902ED /* Images.xcassets */ = {isa = PBXFileReference; lastKnownFileType = folder.assetcatalog; name = Images.xcassets; path = "../DiffyTables WatchKit App/Images.xcassets"; sourceTree = "<group>"; };
		6E9E5A9E1B1A33BC00C902ED /* ShoppingItem.swift */ = {isa = PBXFileReference; fileEncoding = 4; lastKnownFileType = sourcecode.swift; path = ShoppingItem.swift; sourceTree = "<group>"; };
		6E9E5A9F1B1A33BC00C902ED /* ShoppingListApp.swift */ = {isa = PBXFileReference; fileEncoding = 4; lastKnownFileType = sourcecode.swift; path = ShoppingListApp.swift; sourceTree = "<group>"; };
		6E9E5AA01B1A33BC00C902ED /* Utilities.swift */ = {isa = PBXFileReference; fileEncoding = 4; lastKnownFileType = sourcecode.swift; path = Utilities.swift; sourceTree = "<group>"; };
		6E9E5AA41B1A33D200C902ED /* Interface.storyboard */ = {isa = PBXFileReference; fileEncoding = 4; lastKnownFileType = file.storyboard; name = Interface.storyboard; path = "../DiffyTables WatchKit App/Base.lproj/Interface.storyboard"; sourceTree = "<group>"; };
		6E9E5AA71B1A342F00C902ED /* Diffing.swift */ = {isa = PBXFileReference; fileEncoding = 4; lastKnownFileType = sourcecode.swift; name = Diffing.swift; path = ../Diffing.swift; sourceTree = "<group>"; };
		6E9E5AA81B1A342F00C902ED /* DiffyTables.swift */ = {isa = PBXFileReference; fileEncoding = 4; lastKnownFileType = sourcecode.swift; name = DiffyTables.swift; path = ../DiffyTables.swift; sourceTree = "<group>"; };
		6E9E5AA91B1A342F00C902ED /* WatchKitUpdatable.swift */ = {isa = PBXFileReference; fileEncoding = 4; lastKnownFileType = sourcecode.swift; name = WatchKitUpdatable.swift; path = ../WatchKitUpdatable.swift; sourceTree = "<group>"; };
/* End PBXFileReference section */

/* Begin PBXFrameworksBuildPhase section */
		6E695D851B42BF6700A88DB2 /* Frameworks */ = {
			isa = PBXFrameworksBuildPhase;
			buildActionMask = 2147483647;
			files = (
			);
			runOnlyForDeploymentPostprocessing = 0;
		};
		6E9E5A4E1B1A329D00C902ED /* Frameworks */ = {
			isa = PBXFrameworksBuildPhase;
			buildActionMask = 2147483647;
			files = (
			);
			runOnlyForDeploymentPostprocessing = 0;
		};
		6E9E5A7B1B1A335000C902ED /* Frameworks */ = {
			isa = PBXFrameworksBuildPhase;
			buildActionMask = 2147483647;
			files = (
			);
			runOnlyForDeploymentPostprocessing = 0;
		};
/* End PBXFrameworksBuildPhase section */

/* Begin PBXGroup section */
		6E695D891B42BF6700A88DB2 /* DiffyTables Tests */ = {
			isa = PBXGroup;
			children = (
				6E695D8C1B42BF6700A88DB2 /* DiffyTables_Tests.swift */,
				6E695D8A1B42BF6700A88DB2 /* Supporting Files */,
			);
			path = "DiffyTables Tests";
			sourceTree = "<group>";
		};
		6E695D8A1B42BF6700A88DB2 /* Supporting Files */ = {
			isa = PBXGroup;
			children = (
				6E695D8B1B42BF6700A88DB2 /* Info.plist */,
			);
			name = "Supporting Files";
			sourceTree = "<group>";
		};
		6E9E5A481B1A329D00C902ED = {
			isa = PBXGroup;
			children = (
				6E9E5AA61B1A341E00C902ED /* DiffyTables */,
				6E695D891B42BF6700A88DB2 /* DiffyTables Tests */,
				6E9E5A7F1B1A335000C902ED /* Demo */,
				6E9E5A531B1A329D00C902ED /* iOS app */,
				6E9E5A521B1A329D00C902ED /* Products */,
			);
			sourceTree = "<group>";
		};
		6E9E5A521B1A329D00C902ED /* Products */ = {
			isa = PBXGroup;
			children = (
				6E9E5A511B1A329D00C902ED /* DiffyTables.app */,
				6E9E5A7E1B1A335000C902ED /* DiffyTables WatchKit Extension.appex */,
				6E9E5A881B1A335000C902ED /* DiffyTables WatchKit App.app */,
				6E695D881B42BF6700A88DB2 /* DiffyTables Tests.xctest */,
			);
			name = Products;
			sourceTree = "<group>";
		};
		6E9E5A531B1A329D00C902ED /* iOS app */ = {
			isa = PBXGroup;
			children = (
				6E9E5A761B1A32D200C902ED /* AppDelegate.swift */,
				6E9E5A781B1A32EC00C902ED /* Main.storyboard */,
				6E9E5A551B1A329D00C902ED /* Info.plist */,
			);
			name = "iOS app";
			path = DiffyTables;
			sourceTree = "<group>";
		};
		6E9E5A7F1B1A335000C902ED /* Demo */ = {
			isa = PBXGroup;
			children = (
				6E9E5A9E1B1A33BC00C902ED /* ShoppingItem.swift */,
				6E9E5A9F1B1A33BC00C902ED /* ShoppingListApp.swift */,
				6E9E5AA41B1A33D200C902ED /* Interface.storyboard */,
				6E9E5AA01B1A33BC00C902ED /* Utilities.swift */,
				6E9E5A921B1A335000C902ED /* Images.xcassets */,
				6E9E5A811B1A335000C902ED /* Info.plist */,
				6E9E5A8E1B1A335000C902ED /* Info.plist */,
			);
			name = Demo;
			path = "DiffyTables WatchKit Extension";
			sourceTree = "<group>";
		};
		6E9E5AA61B1A341E00C902ED /* DiffyTables */ = {
			isa = PBXGroup;
			children = (
				6E9E5AA71B1A342F00C902ED /* Diffing.swift */,
				6E9E5AA81B1A342F00C902ED /* DiffyTables.swift */,
				6E9E5AA91B1A342F00C902ED /* WatchKitUpdatable.swift */,
			);
			name = DiffyTables;
			sourceTree = "<group>";
		};
/* End PBXGroup section */

/* Begin PBXNativeTarget section */
		6E695D871B42BF6700A88DB2 /* DiffyTables Tests */ = {
			isa = PBXNativeTarget;
			buildConfigurationList = 6E695D921B42BF6700A88DB2 /* Build configuration list for PBXNativeTarget "DiffyTables Tests" */;
			buildPhases = (
				6E695D841B42BF6700A88DB2 /* Sources */,
				6E695D851B42BF6700A88DB2 /* Frameworks */,
				6E695D861B42BF6700A88DB2 /* Resources */,
			);
			buildRules = (
			);
			dependencies = (
				6E695D8F1B42BF6700A88DB2 /* PBXTargetDependency */,
			);
			name = "DiffyTables Tests";
			productName = "DiffyTables Tests";
			productReference = 6E695D881B42BF6700A88DB2 /* DiffyTables Tests.xctest */;
			productType = "com.apple.product-type.bundle.unit-test";
		};
		6E9E5A501B1A329D00C902ED /* DiffyTables */ = {
			isa = PBXNativeTarget;
			buildConfigurationList = 6E9E5A701B1A329D00C902ED /* Build configuration list for PBXNativeTarget "DiffyTables" */;
			buildPhases = (
				6E9E5A4D1B1A329D00C902ED /* Sources */,
				6E9E5A4E1B1A329D00C902ED /* Frameworks */,
				6E9E5A4F1B1A329D00C902ED /* Resources */,
				6E9E5A9D1B1A335000C902ED /* Embed App Extensions */,
			);
			buildRules = (
			);
			dependencies = (
				6E9E5A951B1A335000C902ED /* PBXTargetDependency */,
			);
			name = DiffyTables;
			productName = DiffyTables;
			productReference = 6E9E5A511B1A329D00C902ED /* DiffyTables.app */;
			productType = "com.apple.product-type.application";
		};
		6E9E5A7D1B1A335000C902ED /* DiffyTables WatchKit Extension */ = {
			isa = PBXNativeTarget;
			buildConfigurationList = 6E9E5A9A1B1A335000C902ED /* Build configuration list for PBXNativeTarget "DiffyTables WatchKit Extension" */;
			buildPhases = (
				6E9E5A7A1B1A335000C902ED /* Sources */,
				6E9E5A7B1B1A335000C902ED /* Frameworks */,
				6E9E5A7C1B1A335000C902ED /* Resources */,
			);
			buildRules = (
			);
			dependencies = (
				6E9E5A8B1B1A335000C902ED /* PBXTargetDependency */,
			);
			name = "DiffyTables WatchKit Extension";
			productName = "DiffyTables WatchKit Extension";
			productReference = 6E9E5A7E1B1A335000C902ED /* DiffyTables WatchKit Extension.appex */;
			productType = "com.apple.product-type.watchkit-extension";
		};
		6E9E5A871B1A335000C902ED /* DiffyTables WatchKit App */ = {
			isa = PBXNativeTarget;
			buildConfigurationList = 6E9E5A971B1A335000C902ED /* Build configuration list for PBXNativeTarget "DiffyTables WatchKit App" */;
			buildPhases = (
				6E9E5A861B1A335000C902ED /* Resources */,
			);
			buildRules = (
			);
			dependencies = (
			);
			name = "DiffyTables WatchKit App";
			productName = "DiffyTables WatchKit App";
			productReference = 6E9E5A881B1A335000C902ED /* DiffyTables WatchKit App.app */;
			productType = "com.apple.product-type.application.watchapp";
		};
/* End PBXNativeTarget section */

/* Begin PBXProject section */
		6E9E5A491B1A329D00C902ED /* Project object */ = {
			isa = PBXProject;
			attributes = {
				LastSwiftUpdateCheck = 0720;
				LastUpgradeCheck = 0800;
				ORGANIZATIONNAME = "Radosław Pietruszewski";
				TargetAttributes = {
					6E695D871B42BF6700A88DB2 = {
						CreatedOnToolsVersion = 6.3.1;
						LastSwiftMigration = 0800;
						TestTargetID = 6E9E5A501B1A329D00C902ED;
					};
					6E9E5A501B1A329D00C902ED = {
						CreatedOnToolsVersion = 6.3.1;
						LastSwiftMigration = 0800;
					};
					6E9E5A7D1B1A335000C902ED = {
						CreatedOnToolsVersion = 6.3.1;
						LastSwiftMigration = 0800;
					};
					6E9E5A871B1A335000C902ED = {
						CreatedOnToolsVersion = 6.3.1;
					};
				};
			};
			buildConfigurationList = 6E9E5A4C1B1A329D00C902ED /* Build configuration list for PBXProject "DiffyTables" */;
			compatibilityVersion = "Xcode 3.2";
			developmentRegion = English;
			hasScannedForEncodings = 0;
			knownRegions = (
				en,
				Base,
			);
			mainGroup = 6E9E5A481B1A329D00C902ED;
			productRefGroup = 6E9E5A521B1A329D00C902ED /* Products */;
			projectDirPath = "";
			projectRoot = "";
			targets = (
				6E9E5A501B1A329D00C902ED /* DiffyTables */,
				6E9E5A7D1B1A335000C902ED /* DiffyTables WatchKit Extension */,
				6E9E5A871B1A335000C902ED /* DiffyTables WatchKit App */,
				6E695D871B42BF6700A88DB2 /* DiffyTables Tests */,
			);
		};
/* End PBXProject section */

/* Begin PBXResourcesBuildPhase section */
		6E695D861B42BF6700A88DB2 /* Resources */ = {
			isa = PBXResourcesBuildPhase;
			buildActionMask = 2147483647;
			files = (
			);
			runOnlyForDeploymentPostprocessing = 0;
		};
		6E9E5A4F1B1A329D00C902ED /* Resources */ = {
			isa = PBXResourcesBuildPhase;
			buildActionMask = 2147483647;
			files = (
				6E9E5A791B1A32EC00C902ED /* Main.storyboard in Resources */,
			);
			runOnlyForDeploymentPostprocessing = 0;
		};
		6E9E5A7C1B1A335000C902ED /* Resources */ = {
			isa = PBXResourcesBuildPhase;
			buildActionMask = 2147483647;
			files = (
				6E9E5A891B1A335000C902ED /* DiffyTables WatchKit App.app in Resources */,
			);
			runOnlyForDeploymentPostprocessing = 0;
		};
		6E9E5A861B1A335000C902ED /* Resources */ = {
			isa = PBXResourcesBuildPhase;
			buildActionMask = 2147483647;
			files = (
				6E9E5AA51B1A33D200C902ED /* Interface.storyboard in Resources */,
				6E9E5A931B1A335000C902ED /* Images.xcassets in Resources */,
			);
			runOnlyForDeploymentPostprocessing = 0;
		};
/* End PBXResourcesBuildPhase section */

/* Begin PBXSourcesBuildPhase section */
		6E695D841B42BF6700A88DB2 /* Sources */ = {
			isa = PBXSourcesBuildPhase;
			buildActionMask = 2147483647;
			files = (
				6E695D8D1B42BF6700A88DB2 /* DiffyTables_Tests.swift in Sources */,
				6E695D931B42C01700A88DB2 /* Diffing.swift in Sources */,
			);
			runOnlyForDeploymentPostprocessing = 0;
		};
		6E9E5A4D1B1A329D00C902ED /* Sources */ = {
			isa = PBXSourcesBuildPhase;
			buildActionMask = 2147483647;
			files = (
				6E9E5A771B1A32D200C902ED /* AppDelegate.swift in Sources */,
			);
			runOnlyForDeploymentPostprocessing = 0;
		};
		6E9E5A7A1B1A335000C902ED /* Sources */ = {
			isa = PBXSourcesBuildPhase;
			buildActionMask = 2147483647;
			files = (
				6E9E5AA11B1A33BC00C902ED /* ShoppingItem.swift in Sources */,
				6E9E5AA31B1A33BC00C902ED /* Utilities.swift in Sources */,
				6E9E5AAB1B1A342F00C902ED /* DiffyTables.swift in Sources */,
				6E9E5AA21B1A33BC00C902ED /* ShoppingListApp.swift in Sources */,
				6E9E5AAA1B1A342F00C902ED /* Diffing.swift in Sources */,
				6E9E5AAC1B1A342F00C902ED /* WatchKitUpdatable.swift in Sources */,
			);
			runOnlyForDeploymentPostprocessing = 0;
		};
/* End PBXSourcesBuildPhase section */

/* Begin PBXTargetDependency section */
		6E695D8F1B42BF6700A88DB2 /* PBXTargetDependency */ = {
			isa = PBXTargetDependency;
			target = 6E9E5A501B1A329D00C902ED /* DiffyTables */;
			targetProxy = 6E695D8E1B42BF6700A88DB2 /* PBXContainerItemProxy */;
		};
		6E9E5A8B1B1A335000C902ED /* PBXTargetDependency */ = {
			isa = PBXTargetDependency;
			target = 6E9E5A871B1A335000C902ED /* DiffyTables WatchKit App */;
			targetProxy = 6E9E5A8A1B1A335000C902ED /* PBXContainerItemProxy */;
		};
		6E9E5A951B1A335000C902ED /* PBXTargetDependency */ = {
			isa = PBXTargetDependency;
			target = 6E9E5A7D1B1A335000C902ED /* DiffyTables WatchKit Extension */;
			targetProxy = 6E9E5A941B1A335000C902ED /* PBXContainerItemProxy */;
		};
/* End PBXTargetDependency section */

/* Begin XCBuildConfiguration section */
		6E695D901B42BF6700A88DB2 /* Debug */ = {
			isa = XCBuildConfiguration;
			buildSettings = {
				BUNDLE_LOADER = "$(TEST_HOST)";
				FRAMEWORK_SEARCH_PATHS = (
					"$(SDKROOT)/Developer/Library/Frameworks",
					"$(inherited)",
				);
				GCC_PREPROCESSOR_DEFINITIONS = (
					"DEBUG=1",
					"$(inherited)",
				);
				INFOPLIST_FILE = "DiffyTables Tests/Info.plist";
				LD_RUNPATH_SEARCH_PATHS = "$(inherited) @executable_path/Frameworks @loader_path/Frameworks";
				PRODUCT_BUNDLE_IDENTIFIER = "io.radex.$(PRODUCT_NAME:rfc1034identifier)";
				PRODUCT_NAME = "$(TARGET_NAME)";
				SWIFT_VERSION = 3.0;
				TEST_HOST = "$(BUILT_PRODUCTS_DIR)/DiffyTables.app/DiffyTables";
			};
			name = Debug;
		};
		6E695D911B42BF6700A88DB2 /* Release */ = {
			isa = XCBuildConfiguration;
			buildSettings = {
				BUNDLE_LOADER = "$(TEST_HOST)";
				FRAMEWORK_SEARCH_PATHS = (
					"$(SDKROOT)/Developer/Library/Frameworks",
					"$(inherited)",
				);
				INFOPLIST_FILE = "DiffyTables Tests/Info.plist";
				LD_RUNPATH_SEARCH_PATHS = "$(inherited) @executable_path/Frameworks @loader_path/Frameworks";
				PRODUCT_BUNDLE_IDENTIFIER = "io.radex.$(PRODUCT_NAME:rfc1034identifier)";
				PRODUCT_NAME = "$(TARGET_NAME)";
				SWIFT_OPTIMIZATION_LEVEL = "-Owholemodule";
				SWIFT_VERSION = 3.0;
				TEST_HOST = "$(BUILT_PRODUCTS_DIR)/DiffyTables.app/DiffyTables";
			};
			name = Release;
		};
		6E9E5A6E1B1A329D00C902ED /* Debug */ = {
			isa = XCBuildConfiguration;
			buildSettings = {
				ALWAYS_SEARCH_USER_PATHS = NO;
				CLANG_CXX_LANGUAGE_STANDARD = "gnu++0x";
				CLANG_CXX_LIBRARY = "libc++";
				CLANG_ENABLE_MODULES = YES;
				CLANG_ENABLE_OBJC_ARC = YES;
				CLANG_WARN_BOOL_CONVERSION = YES;
				CLANG_WARN_CONSTANT_CONVERSION = YES;
				CLANG_WARN_DIRECT_OBJC_ISA_USAGE = YES_ERROR;
				CLANG_WARN_EMPTY_BODY = YES;
				CLANG_WARN_ENUM_CONVERSION = YES;
				CLANG_WARN_INT_CONVERSION = YES;
				CLANG_WARN_OBJC_ROOT_CLASS = YES_ERROR;
				CLANG_WARN_UNREACHABLE_CODE = YES;
				CLANG_WARN__DUPLICATE_METHOD_MATCH = YES;
				"CODE_SIGN_IDENTITY[sdk=iphoneos*]" = "iPhone Developer";
				COPY_PHASE_STRIP = NO;
				DEBUG_INFORMATION_FORMAT = "dwarf-with-dsym";
				ENABLE_STRICT_OBJC_MSGSEND = YES;
				ENABLE_TESTABILITY = YES;
				GCC_C_LANGUAGE_STANDARD = gnu99;
				GCC_DYNAMIC_NO_PIC = NO;
				GCC_NO_COMMON_BLOCKS = YES;
				GCC_OPTIMIZATION_LEVEL = 0;
				GCC_PREPROCESSOR_DEFINITIONS = (
					"DEBUG=1",
					"$(inherited)",
				);
				GCC_SYMBOLS_PRIVATE_EXTERN = NO;
				GCC_WARN_64_TO_32_BIT_CONVERSION = YES;
				GCC_WARN_ABOUT_RETURN_TYPE = YES_ERROR;
				GCC_WARN_UNDECLARED_SELECTOR = YES;
				GCC_WARN_UNINITIALIZED_AUTOS = YES_AGGRESSIVE;
				GCC_WARN_UNUSED_FUNCTION = YES;
				GCC_WARN_UNUSED_VARIABLE = YES;
				IPHONEOS_DEPLOYMENT_TARGET = 8.3;
				MTL_ENABLE_DEBUG_INFO = YES;
				ONLY_ACTIVE_ARCH = YES;
				SDKROOT = iphoneos;
				SWIFT_OPTIMIZATION_LEVEL = "-Onone";
				TARGETED_DEVICE_FAMILY = "1,2";
			};
			name = Debug;
		};
		6E9E5A6F1B1A329D00C902ED /* Release */ = {
			isa = XCBuildConfiguration;
			buildSettings = {
				ALWAYS_SEARCH_USER_PATHS = NO;
				CLANG_CXX_LANGUAGE_STANDARD = "gnu++0x";
				CLANG_CXX_LIBRARY = "libc++";
				CLANG_ENABLE_MODULES = YES;
				CLANG_ENABLE_OBJC_ARC = YES;
				CLANG_WARN_BOOL_CONVERSION = YES;
				CLANG_WARN_CONSTANT_CONVERSION = YES;
				CLANG_WARN_DIRECT_OBJC_ISA_USAGE = YES_ERROR;
				CLANG_WARN_EMPTY_BODY = YES;
				CLANG_WARN_ENUM_CONVERSION = YES;
				CLANG_WARN_INT_CONVERSION = YES;
				CLANG_WARN_OBJC_ROOT_CLASS = YES_ERROR;
				CLANG_WARN_UNREACHABLE_CODE = YES;
				CLANG_WARN__DUPLICATE_METHOD_MATCH = YES;
				"CODE_SIGN_IDENTITY[sdk=iphoneos*]" = "iPhone Developer";
				COPY_PHASE_STRIP = NO;
				DEBUG_INFORMATION_FORMAT = "dwarf-with-dsym";
				ENABLE_NS_ASSERTIONS = NO;
				ENABLE_STRICT_OBJC_MSGSEND = YES;
				GCC_C_LANGUAGE_STANDARD = gnu99;
				GCC_NO_COMMON_BLOCKS = YES;
				GCC_WARN_64_TO_32_BIT_CONVERSION = YES;
				GCC_WARN_ABOUT_RETURN_TYPE = YES_ERROR;
				GCC_WARN_UNDECLARED_SELECTOR = YES;
				GCC_WARN_UNINITIALIZED_AUTOS = YES_AGGRESSIVE;
				GCC_WARN_UNUSED_FUNCTION = YES;
				GCC_WARN_UNUSED_VARIABLE = YES;
				IPHONEOS_DEPLOYMENT_TARGET = 8.3;
				MTL_ENABLE_DEBUG_INFO = NO;
				SDKROOT = iphoneos;
				TARGETED_DEVICE_FAMILY = "1,2";
				VALIDATE_PRODUCT = YES;
			};
			name = Release;
		};
		6E9E5A711B1A329D00C902ED /* Debug */ = {
			isa = XCBuildConfiguration;
			buildSettings = {
				ASSETCATALOG_COMPILER_APPICON_NAME = AppIcon;
				CLANG_ENABLE_MODULES = YES;
				INFOPLIST_FILE = DiffyTables/Info.plist;
				LD_RUNPATH_SEARCH_PATHS = "$(inherited) @executable_path/Frameworks";
				PRODUCT_BUNDLE_IDENTIFIER = "io.radex.$(PRODUCT_NAME:rfc1034identifier)";
				PRODUCT_NAME = "$(TARGET_NAME)";
				SWIFT_OPTIMIZATION_LEVEL = "-Onone";
				SWIFT_VERSION = 3.0;
			};
			name = Debug;
		};
		6E9E5A721B1A329D00C902ED /* Release */ = {
			isa = XCBuildConfiguration;
			buildSettings = {
				ASSETCATALOG_COMPILER_APPICON_NAME = AppIcon;
				CLANG_ENABLE_MODULES = YES;
				INFOPLIST_FILE = DiffyTables/Info.plist;
				LD_RUNPATH_SEARCH_PATHS = "$(inherited) @executable_path/Frameworks";
				PRODUCT_BUNDLE_IDENTIFIER = "io.radex.$(PRODUCT_NAME:rfc1034identifier)";
				PRODUCT_NAME = "$(TARGET_NAME)";
				SWIFT_OPTIMIZATION_LEVEL = "-Owholemodule";
				SWIFT_VERSION = 3.0;
			};
			name = Release;
		};
		6E9E5A981B1A335000C902ED /* Debug */ = {
			isa = XCBuildConfiguration;
			buildSettings = {
				ASSETCATALOG_COMPILER_APPICON_NAME = AppIcon;
				GCC_PREPROCESSOR_DEFINITIONS = (
					"DEBUG=1",
					"$(inherited)",
				);
				IBSC_MODULE = DiffyTables_WatchKit_Extension;
				INFOPLIST_FILE = "DiffyTables WatchKit App/Info.plist";
				IPHONEOS_DEPLOYMENT_TARGET = 8.2;
				PRODUCT_BUNDLE_IDENTIFIER = io.radex.DiffyTables.watchkitapp;
				PRODUCT_NAME = "$(TARGET_NAME)";
				SKIP_INSTALL = YES;
				TARGETED_DEVICE_FAMILY = 4;
				"TARGETED_DEVICE_FAMILY[sdk=iphonesimulator*]" = "1,4";
			};
			name = Debug;
		};
		6E9E5A991B1A335000C902ED /* Release */ = {
			isa = XCBuildConfiguration;
			buildSettings = {
				ASSETCATALOG_COMPILER_APPICON_NAME = AppIcon;
				IBSC_MODULE = DiffyTables_WatchKit_Extension;
				INFOPLIST_FILE = "DiffyTables WatchKit App/Info.plist";
				IPHONEOS_DEPLOYMENT_TARGET = 8.2;
				PRODUCT_BUNDLE_IDENTIFIER = io.radex.DiffyTables.watchkitapp;
				PRODUCT_NAME = "$(TARGET_NAME)";
				SKIP_INSTALL = YES;
				TARGETED_DEVICE_FAMILY = 4;
				"TARGETED_DEVICE_FAMILY[sdk=iphonesimulator*]" = "1,4";
			};
			name = Release;
		};
		6E9E5A9B1B1A335000C902ED /* Debug */ = {
			isa = XCBuildConfiguration;
			buildSettings = {
				GCC_PREPROCESSOR_DEFINITIONS = (
					"DEBUG=1",
					"$(inherited)",
				);
				INFOPLIST_FILE = "DiffyTables WatchKit Extension/Info.plist";
				LD_RUNPATH_SEARCH_PATHS = "$(inherited) @executable_path/Frameworks @executable_path/../../Frameworks";
				PRODUCT_BUNDLE_IDENTIFIER = io.radex.DiffyTables.watchkitextension;
				PRODUCT_NAME = "${TARGET_NAME}";
				SKIP_INSTALL = YES;
				SWIFT_VERSION = 3.0;
			};
			name = Debug;
		};
		6E9E5A9C1B1A335000C902ED /* Release */ = {
			isa = XCBuildConfiguration;
			buildSettings = {
				INFOPLIST_FILE = "DiffyTables WatchKit Extension/Info.plist";
				LD_RUNPATH_SEARCH_PATHS = "$(inherited) @executable_path/Frameworks @executable_path/../../Frameworks";
				PRODUCT_BUNDLE_IDENTIFIER = io.radex.DiffyTables.watchkitextension;
				PRODUCT_NAME = "${TARGET_NAME}";
				SKIP_INSTALL = YES;
				SWIFT_OPTIMIZATION_LEVEL = "-Owholemodule";
				SWIFT_VERSION = 3.0;
			};
			name = Release;
		};
/* End XCBuildConfiguration section */

/* Begin XCConfigurationList section */
		6E695D921B42BF6700A88DB2 /* Build configuration list for PBXNativeTarget "DiffyTables Tests" */ = {
			isa = XCConfigurationList;
			buildConfigurations = (
				6E695D901B42BF6700A88DB2 /* Debug */,
				6E695D911B42BF6700A88DB2 /* Release */,
			);
			defaultConfigurationIsVisible = 0;
			defaultConfigurationName = Release;
		};
		6E9E5A4C1B1A329D00C902ED /* Build configuration list for PBXProject "DiffyTables" */ = {
			isa = XCConfigurationList;
			buildConfigurations = (
				6E9E5A6E1B1A329D00C902ED /* Debug */,
				6E9E5A6F1B1A329D00C902ED /* Release */,
			);
			defaultConfigurationIsVisible = 0;
			defaultConfigurationName = Release;
		};
		6E9E5A701B1A329D00C902ED /* Build configuration list for PBXNativeTarget "DiffyTables" */ = {
			isa = XCConfigurationList;
			buildConfigurations = (
				6E9E5A711B1A329D00C902ED /* Debug */,
				6E9E5A721B1A329D00C902ED /* Release */,
			);
			defaultConfigurationIsVisible = 0;
			defaultConfigurationName = Release;
		};
		6E9E5A971B1A335000C902ED /* Build configuration list for PBXNativeTarget "DiffyTables WatchKit App" */ = {
			isa = XCConfigurationList;
			buildConfigurations = (
				6E9E5A981B1A335000C902ED /* Debug */,
				6E9E5A991B1A335000C902ED /* Release */,
			);
			defaultConfigurationIsVisible = 0;
			defaultConfigurationName = Release;
		};
		6E9E5A9A1B1A335000C902ED /* Build configuration list for PBXNativeTarget "DiffyTables WatchKit Extension" */ = {
			isa = XCConfigurationList;
			buildConfigurations = (
				6E9E5A9B1B1A335000C902ED /* Debug */,
				6E9E5A9C1B1A335000C902ED /* Release */,
			);
			defaultConfigurationIsVisible = 0;
			defaultConfigurationName = Release;
		};
/* End XCConfigurationList section */
	};
	rootObject = 6E9E5A491B1A329D00C902ED /* Project object */;
}
